
Microsoft Visual Studio Solution File, Format Version 12.00
# Visual Studio Version 16
VisualStudioVersion = 16.0.31605.320
MinimumVisualStudioVersion = 10.0.40219.1
Project("{FAE04EC0-301F-11D3-BF4B-00C04F79EFBC}") = "KakaoLoco", "KakaoLoco\KakaoLoco.csproj", "{21054F9E-15DA-4520-97B1-A2D5EF5CC99B}"
EndProject
Global
	GlobalSection(SolutionConfigurationPlatforms) = preSolution
		Debug|Any CPU = Debug|Any CPU
		Release|Any CPU = Release|Any CPU
	EndGlobalSection
	GlobalSection(ProjectConfigurationPlatforms) = postSolution
		{21054F9E-15DA-4520-97B1-A2D5EF5CC99B}.Debug|Any CPU.ActiveCfg = Debug|Any CPU
		{21054F9E-15DA-4520-97B1-A2D5EF5CC99B}.Debug|Any CPU.Build.0 = Debug|Any CPU
		{21054F9E-15DA-4520-97B1-A2D5EF5CC99B}.Release|Any CPU.ActiveCfg = Release|Any CPU
		{21054F9E-15DA-4520-97B1-A2D5EF5CC99B}.Release|Any CPU.Build.0 = Release|Any CPU
	EndGlobalSection
	GlobalSection(SolutionProperties) = preSolution
		HideSolutionNode = FALSE
	EndGlobalSection
	GlobalSection(ExtensibilityGlobals) = postSolution
		SolutionGuid = {328DCA87-EA7B-42FE-A3FD-784E8990A2A6}
	EndGlobalSection
EndGlobal
